<?xml version="1.0" encoding="utf-8"?>
<Project ToolsVersion="4.0" xmlns="http://schemas.microsoft.com/developer/msbuild/2003">
  <ItemGroup>
    <Filter Include="소스 파일">
      <UniqueIdentifier>{4FC737F1-C7A5-4376-A066-2A32D752A2FF}</UniqueIdentifier>
      <Extensions>cpp;c;cc;cxx;c++;cppm;ixx;def;odl;idl;hpj;bat;asm;asmx</Extensions>
    </Filter>
    <Filter Include="헤더 파일">
      <UniqueIdentifier>{93995380-89BD-4b04-88EB-625FBE52EBFB}</UniqueIdentifier>
      <Extensions>h;hh;hpp;hxx;h++;hm;inl;inc;ipp;xsd</Extensions>
    </Filter>
    <Filter Include="리소스 파일">
      <UniqueIdentifier>{67DA6AB6-F800-4c08-8B7A-83BB121AAD01}</UniqueIdentifier>
      <Extensions>rc;ico;cur;bmp;dlg;rc2;rct;bin;rgs;gif;jpg;jpeg;jpe;resx;tiff;tif;png;wav;mfcribbon-ms</Extensions>
    </Filter>
    <Filter Include="소스 파일\BaekJoon">
      <UniqueIdentifier>{a04c8704-52f0-434e-b683-56ef80f13fdb}</UniqueIdentifier>
    </Filter>
    <Filter Include="소스 파일\HackerRank">
      <UniqueIdentifier>{4a7f552c-9d6f-4540-b211-118df9453f3a}</UniqueIdentifier>
    </Filter>
    <Filter Include="소스 파일\BaekJoon\DP">
      <UniqueIdentifier>{7ad682bf-2705-46f3-97c7-d154d00cd241}</UniqueIdentifier>
    </Filter>
    <Filter Include="소스 파일\BaekJoon\DFS/BFS">
      <UniqueIdentifier>{c03a6e69-7e99-4a1e-86fb-03aa0afdbc24}</UniqueIdentifier>
    </Filter>
    <Filter Include="소스 파일\BaekJoon\Other">
      <UniqueIdentifier>{35cd5265-dc03-41ff-8900-0cbbc3310ad0}</UniqueIdentifier>
    </Filter>
    <Filter Include="소스 파일\BaekJoon\BruteForce">
      <UniqueIdentifier>{d4be9d83-d87e-4bdc-ad11-956516b3cdff}</UniqueIdentifier>
    </Filter>
    <Filter Include="소스 파일\BaekJoon\Math">
      <UniqueIdentifier>{07d4377f-bd88-424d-bf19-eed816cdae7c}</UniqueIdentifier>
    </Filter>
    <Filter Include="소스 파일\BaekJoon\NonSolve">
      <UniqueIdentifier>{556eb832-f50e-4727-ac6a-141479339bfd}</UniqueIdentifier>
    </Filter>
    <Filter Include="소스 파일\BaekJoon\Dijkstra">
      <UniqueIdentifier>{94f01642-89e6-4a06-9ebd-7e2fb727a8f2}</UniqueIdentifier>
    </Filter>
    <Filter Include="소스 파일\BaekJoon\Graph">
      <UniqueIdentifier>{1bc9dbb2-4851-46a1-ad9c-639be4e470b8}</UniqueIdentifier>
    </Filter>
    <Filter Include="소스 파일\BaekJoon\Search">
      <UniqueIdentifier>{104d7a70-39fa-4218-a12c-a4d5fa585286}</UniqueIdentifier>
    </Filter>
    <Filter Include="소스 파일\BaekJoon\String">
      <UniqueIdentifier>{11263d19-5bc7-41e7-9d35-c72ae1cb34ee}</UniqueIdentifier>
    </Filter>
    <Filter Include="소스 파일\Programmers">
      <UniqueIdentifier>{2ed858db-3e89-4202-b228-e369ff77a04a}</UniqueIdentifier>
    </Filter>
    <Filter Include="소스 파일\Programmers\NonSolve">
      <UniqueIdentifier>{26fc7137-c009-4627-aae3-23fa31ff4ae9}</UniqueIdentifier>
    </Filter>
  </ItemGroup>
  <ItemGroup>
    <ClCompile Include="FrogInMaze.cpp">
      <Filter>소스 파일\HackerRank</Filter>
    </ClCompile>
    <ClCompile Include="소스.cpp">
      <Filter>소스 파일\HackerRank</Filter>
    </ClCompile>
    <ClCompile Include="1463_1로만들기.cpp">
      <Filter>소스 파일\BaekJoon\DP</Filter>
    </ClCompile>
    <ClCompile Include="1520_내리막길.cpp">
      <Filter>소스 파일\BaekJoon\DP</Filter>
    </ClCompile>
    <ClCompile Include="2096_내려가기.cpp">
      <Filter>소스 파일\BaekJoon\DP</Filter>
    </ClCompile>
    <ClCompile Include="2293_동전1.cpp">
      <Filter>소스 파일\BaekJoon\DP</Filter>
    </ClCompile>
    <ClCompile Include="2839_설탕배달.cpp">
      <Filter>소스 파일\BaekJoon\DP</Filter>
    </ClCompile>
    <ClCompile Include="9251_LCS.cpp">
      <Filter>소스 파일\BaekJoon\DP</Filter>
    </ClCompile>
    <ClCompile Include="10026_적록색약.cpp">
      <Filter>소스 파일\BaekJoon\DFS/BFS</Filter>
    </ClCompile>
    <ClCompile Include="11053_가장긴증가하는부분수열.cpp">
      <Filter>소스 파일\BaekJoon\DP</Filter>
    </ClCompile>
    <ClCompile Include="12865_평범한배낭.cpp">
      <Filter>소스 파일\BaekJoon\DP</Filter>
    </ClCompile>
    <ClCompile Include="10250_ACM호텔.cpp">
      <Filter>소스 파일\BaekJoon\Other</Filter>
    </ClCompile>
    <ClCompile Include="1005_ACMCraft.cpp">
      <Filter>소스 파일\BaekJoon\DP</Filter>
    </ClCompile>
    <ClCompile Include="1011_FlymetotheAlphaCentauri.cpp">
      <Filter>소스 파일\BaekJoon\Math</Filter>
    </ClCompile>
    <ClCompile Include="1016_제곱NONO수.cpp">
      <Filter>소스 파일\BaekJoon\Math</Filter>
    </ClCompile>
    <ClCompile Include="1002_터렛.cpp">
      <Filter>소스 파일\BaekJoon\Math</Filter>
    </ClCompile>
    <ClCompile Include="31001_주식시뮬레이션.cpp">
      <Filter>소스 파일\BaekJoon\NonSolve</Filter>
    </ClCompile>
    <ClCompile Include="1007_벡터매칭.cpp">
      <Filter>소스 파일\BaekJoon\NonSolve</Filter>
    </ClCompile>
    <ClCompile Include="31287_장난감강아지.cpp">
      <Filter>소스 파일\BaekJoon\NonSolve</Filter>
    </ClCompile>
    <ClCompile Include="1041_주사위.cpp">
      <Filter>소스 파일\BaekJoon\NonSolve</Filter>
    </ClCompile>
    <ClCompile Include="1092_배.cpp">
      <Filter>소스 파일\BaekJoon\NonSolve</Filter>
    </ClCompile>
    <ClCompile Include="25307_시루의백화점구경.cpp">
      <Filter>소스 파일\BaekJoon\NonSolve</Filter>
    </ClCompile>
    <ClCompile Include="1027_고층건물.cpp">
      <Filter>소스 파일\BaekJoon\NonSolve</Filter>
    </ClCompile>
    <ClCompile Include="1753_최단경로.cpp">
      <Filter>소스 파일\BaekJoon\Dijkstra</Filter>
    </ClCompile>
    <ClCompile Include="11724_연결요소의개수.cpp">
      <Filter>소스 파일\BaekJoon\Graph</Filter>
    </ClCompile>
    <ClCompile Include="10451_순열사이클.cpp">
      <Filter>소스 파일\BaekJoon\Graph</Filter>
    </ClCompile>
    <ClCompile Include="넥슨1.cpp">
      <Filter>소스 파일\BaekJoon\Search</Filter>
    </ClCompile>
    <ClCompile Include="넥슨2.cpp">
      <Filter>소스 파일\BaekJoon\Graph</Filter>
    </ClCompile>
    <ClCompile Include="넥슨3.cpp">
      <Filter>소스 파일\BaekJoon\Other</Filter>
    </ClCompile>
    <ClCompile Include="11478_서로다른부분문자열의개수.cpp">
      <Filter>소스 파일\BaekJoon\String</Filter>
    </ClCompile>
    <ClCompile Include="4929_수열걷기.cpp">
      <Filter>소스 파일\BaekJoon\Math</Filter>
    </ClCompile>
    <ClCompile Include="9935_문자열폭팔.cpp">
      <Filter>소스 파일\BaekJoon\String</Filter>
    </ClCompile>
    <ClCompile Include="2503_숫자야구.cpp">
      <Filter>소스 파일\BaekJoon\BruteForce</Filter>
    </ClCompile>
    <ClCompile Include="9095_1,2,3더하기.cpp">
      <Filter>소스 파일\BaekJoon\DP</Filter>
    </ClCompile>
    <ClCompile Include="2231_분해합.cpp">
      <Filter>소스 파일\BaekJoon\BruteForce</Filter>
    </ClCompile>
    <ClCompile Include="10448_유레카이론.cpp">
      <Filter>소스 파일\BaekJoon\BruteForce</Filter>
    </ClCompile>
    <ClCompile Include="1003_피보나치함수.cpp">
      <Filter>소스 파일\BaekJoon\DP</Filter>
    </ClCompile>
    <ClCompile Include="1010_다리놓기.cpp">
      <Filter>소스 파일\BaekJoon\DP</Filter>
    </ClCompile>
    <ClCompile Include="1012_유기농배추.cpp">
      <Filter>소스 파일\BaekJoon\DFS/BFS</Filter>
    </ClCompile>
    <ClCompile Include="퍼즐게임챌린지.cpp">
      <Filter>소스 파일\Programmers</Filter>
    </ClCompile>
    <ClCompile Include="충돌위험찾기.cpp">
      <Filter>소스 파일\Programmers\NonSolve</Filter>
    </ClCompile>
    <ClCompile Include="수식복원하기.cpp">
      <Filter>소스 파일\Programmers\NonSolve</Filter>
    </ClCompile>
    <ClCompile Include="도넛과막대그래프.cpp">
      <Filter>소스 파일\Programmers\NonSolve</Filter>
    </ClCompile>
    <ClCompile Include="석유시추.cpp">
      <Filter>소스 파일\Programmers</Filter>
    </ClCompile>
  </ItemGroup>
</Project>